<?xml version="1.0" encoding="utf-8"?>
<Project ToolsVersion="15.0" xmlns="http://schemas.microsoft.com/developer/msbuild/2003">
  <ItemGroup>
    <ClCompile Include="C:\Users\yijin\Downloads\cmake-3.15.5\cmake-3.15.5\Tests\Tutorial\cmake-tutorial\Step3\tutorial.cxx">
      <Filter>Source Files</Filter>
    </ClCompile>
  </ItemGroup>
  <ItemGroup>
    <CustomBuild Include="C:\Users\yijin\Downloads\cmake-3.15.5\cmake-3.15.5\Tests\Tutorial\cmake-tutorial\Step3\CMakeLists.txt" />
  </ItemGroup>
  <ItemGroup>
    <Filter Include="Source Files">
      <UniqueIdentifier>{53DF4059-08D8-3A2D-8660-E6CE897F0E3C}</UniqueIdentifier>
    </Filter>
  </ItemGroup>
</Project>
